Microsoft Visual Studio Solution File, Format Version 12.00
# Visual Studio Version 17
VisualStudioVersion = 17.13.35931.197
MinimumVisualStudioVersion = 10.0.40219.1
Project("{FAE04EC0-301F-11D3-BF4B-00C04F79EFBC}") = "DevExpressProject", "DevExpressProject\DevExpressProject.csproj", "{ECF010CF-DC7C-4A07-862B-ADB107D1A021}"
EndProject
Global
	GlobalSection(SolutionConfigurationPlatforms) = preSolution
		Debug|Any CPU = Debug|Any CPU
		Release|Any CPU = Release|Any CPU
	EndGlobalSection
	GlobalSection(ProjectConfigurationPlatforms) = postSolution
		{ECF010CF-DC7C-4A07-862B-ADB107D1A021}.Debug|Any CPU.ActiveCfg = Debug|Any CPU
		{ECF010CF-DC7C-4A07-862B-ADB107D1A021}.Debug|Any CPU.Build.0 = Debug|Any CPU
		{ECF010CF-DC7C-4A07-862B-ADB107D1A021}.Release|Any CPU.ActiveCfg = Release|Any CPU
		{ECF010CF-DC7C-4A07-862B-ADB107D1A021}.Release|Any CPU.Build.0 = Release|Any CPU
	EndGlobalSection
	GlobalSection(SolutionProperties) = preSolution
		HideSolutionNode = FALSE
	EndGlobalSection
	GlobalSection(ExtensibilityGlobals) = postSolution
		SolutionGuid = {DBFC523B-04F0-4722-95F0-E25CECE1D6D6}
	EndGlobalSection
EndGlobal
